PODS:
  - FlutterMacOS (1.0.0)
  - tau_labs (0.0.1):
    - FlutterMacOS

DEPENDENCIES:
  - FlutterMacOS (from `Flutter/ephemeral`)
  - tau_labs (from `Flutter/ephemeral/.symlinks/plugins/tau_labs/macos`)

EXTERNAL SOURCES:
  FlutterMacOS:
    :path: Flutter/ephemeral
  tau_labs:
    :path: Flutter/ephemeral/.symlinks/plugins/tau_labs/macos

SPEC CHECKSUMS:
  FlutterMacOS: 8f6f14fa908a6fb3fba0cd85dbd81ec4b251fb24
  tau_labs: 3c5846faa59bdd9560935264c5425bf6e4dd7dd1

PODFILE CHECKSUM: 7eb978b976557c8c1cd717d8185ec483fd090a82

COCOAPODS: 1.16.2
